
Microsoft Visual Studio Solution File, Format Version 12.00
# Visual Studio Version 17
VisualStudioVersion = 17.0.31903.59
MinimumVisualStudioVersion = 10.0.40219.1
Project("{FAE04EC0-301F-11D3-BF4B-00C04F79EFBC}") = "SiteWatcher.Core", "SiteWatcher.Core\SiteWatcher.Core.csproj", "{F5CD4FE3-7A16-4E3D-94D7-E7742386013A}"
EndProject
Project("{FAE04EC0-301F-11D3-BF4B-00C04F79EFBC}") = "SiteWatcher.Presentation", "SiteWatcher.Presentation\SiteWatcher.Presentation.csproj", "{039AD7E6-1B16-4D0B-A789-9EE8A37B609A}"
EndProject
Global
	GlobalSection(SolutionConfigurationPlatforms) = preSolution
		Debug|Any CPU = Debug|Any CPU
		Release|Any CPU = Release|Any CPU
	EndGlobalSection
	GlobalSection(SolutionProperties) = preSolution
		HideSolutionNode = FALSE
	EndGlobalSection
	GlobalSection(ProjectConfigurationPlatforms) = postSolution
		{F5CD4FE3-7A16-4E3D-94D7-E7742386013A}.Debug|Any CPU.ActiveCfg = Debug|Any CPU
		{F5CD4FE3-7A16-4E3D-94D7-E7742386013A}.Debug|Any CPU.Build.0 = Debug|Any CPU
		{F5CD4FE3-7A16-4E3D-94D7-E7742386013A}.Release|Any CPU.ActiveCfg = Release|Any CPU
		{F5CD4FE3-7A16-4E3D-94D7-E7742386013A}.Release|Any CPU.Build.0 = Release|Any CPU
		{039AD7E6-1B16-4D0B-A789-9EE8A37B609A}.Debug|Any CPU.ActiveCfg = Debug|Any CPU
		{039AD7E6-1B16-4D0B-A789-9EE8A37B609A}.Debug|Any CPU.Build.0 = Debug|Any CPU
		{039AD7E6-1B16-4D0B-A789-9EE8A37B609A}.Release|Any CPU.ActiveCfg = Release|Any CPU
		{039AD7E6-1B16-4D0B-A789-9EE8A37B609A}.Release|Any CPU.Build.0 = Release|Any CPU
	EndGlobalSection
EndGlobal
